
Microsoft Visual Studio Solution File, Format Version 12.00
# Visual Studio Version 16
VisualStudioVersion = 16.0.29926.136
MinimumVisualStudioVersion = 10.0.40219.1
Project("{FAE04EC0-301F-11D3-BF4B-00C04F79EFBC}") = "Lab4.1", "Lab4.1\Lab4.1.csproj", "{4A2B90C7-829A-4501-A710-15BED833A694}"
EndProject
Global
	GlobalSection(SolutionConfigurationPlatforms) = preSolution
		Debug|Any CPU = Debug|Any CPU
		Release|Any CPU = Release|Any CPU
	EndGlobalSection
	GlobalSection(ProjectConfigurationPlatforms) = postSolution
		{4A2B90C7-829A-4501-A710-15BED833A694}.Debug|Any CPU.ActiveCfg = Debug|Any CPU
		{4A2B90C7-829A-4501-A710-15BED833A694}.Debug|Any CPU.Build.0 = Debug|Any CPU
		{4A2B90C7-829A-4501-A710-15BED833A694}.Release|Any CPU.ActiveCfg = Release|Any CPU
		{4A2B90C7-829A-4501-A710-15BED833A694}.Release|Any CPU.Build.0 = Release|Any CPU
	EndGlobalSection
	GlobalSection(SolutionProperties) = preSolution
		HideSolutionNode = FALSE
	EndGlobalSection
	GlobalSection(ExtensibilityGlobals) = postSolution
		SolutionGuid = {AFFA177B-90B8-491D-8F82-3FB0801531C5}
	EndGlobalSection
EndGlobal
